
Microsoft Visual Studio Solution File, Format Version 12.00
# Visual Studio Version 16
VisualStudioVersion = 16.0.30621.155
MinimumVisualStudioVersion = 10.0.40219.1
Project("{FAE04EC0-301F-11D3-BF4B-00C04F79EFBC}") = "Html5", "Html5\Html5.csproj", "{1CD0C0DC-0351-49E2-921F-2B1FF9DEBBAF}"
EndProject
Global
	GlobalSection(SolutionConfigurationPlatforms) = preSolution
		Debug|Any CPU = Debug|Any CPU
		Release|Any CPU = Release|Any CPU
	EndGlobalSection
	GlobalSection(ProjectConfigurationPlatforms) = postSolution
		{1CD0C0DC-0351-49E2-921F-2B1FF9DEBBAF}.Debug|Any CPU.ActiveCfg = Debug|Any CPU
		{1CD0C0DC-0351-49E2-921F-2B1FF9DEBBAF}.Debug|Any CPU.Build.0 = Debug|Any CPU
		{1CD0C0DC-0351-49E2-921F-2B1FF9DEBBAF}.Release|Any CPU.ActiveCfg = Release|Any CPU
		{1CD0C0DC-0351-49E2-921F-2B1FF9DEBBAF}.Release|Any CPU.Build.0 = Release|Any CPU
	EndGlobalSection
	GlobalSection(SolutionProperties) = preSolution
		HideSolutionNode = FALSE
	EndGlobalSection
	GlobalSection(ExtensibilityGlobals) = postSolution
		SolutionGuid = {DE6F20A7-BBBF-4EED-A286-34E4F3E40680}
	EndGlobalSection
EndGlobal
